// !$*UTF8*$!
{
	archiveVersion = 1;
	classes = {
	};
	objectVersion = 46;
	objects = {

/* Begin PBXBuildFile section */
		3434AD7BEBF628AC0246E15B /* Pods_AreaPickViewController.framework in Frameworks */ = {isa = PBXBuildFile; fileRef = D3881E6606B404F0E5B70477 /* Pods_AreaPickViewController.framework */; };
		F17316722387859000CA8086 /* ZXCityPickViewController.m in Sources */ = {isa = PBXBuildFile; fileRef = F17316712387859000CA8086 /* ZXCityPickViewController.m */; };
		F1731676238785EC00CA8086 /* JXPickerTableViewController.m in Sources */ = {isa = PBXBuildFile; fileRef = F1731675238785EC00CA8086 /* JXPickerTableViewController.m */; };
		F1CEACB81EA3155B004B7FCC /* main.m in Sources */ = {isa = PBXBuildFile; fileRef = F1CEACB71EA3155B004B7FCC /* main.m */; };
		F1CEACBB1EA3155B004B7FCC /* AppDelegate.m in Sources */ = {isa = PBXBuildFile; fileRef = F1CEACBA1EA3155B004B7FCC /* AppDelegate.m */; };
		F1CEACBE1EA3155B004B7FCC /* ViewController.m in Sources */ = {isa = PBXBuildFile; fileRef = F1CEACBD1EA3155B004B7FCC /* ViewController.m */; };
		F1CEACC11EA3155B004B7FCC /* Main.storyboard in Resources */ = {isa = PBXBuildFile; fileRef = F1CEACBF1EA3155B004B7FCC /* Main.storyboard */; };
		F1CEACC31EA3155B004B7FCC /* Assets.xcassets in Resources */ = {isa = PBXBuildFile; fileRef = F1CEACC21EA3155B004B7FCC /* Assets.xcassets */; };
		F1CEACC61EA3155B004B7FCC /* LaunchScreen.storyboard in Resources */ = {isa = PBXBuildFile; fileRef = F1CEACC41EA3155B004B7FCC /* LaunchScreen.storyboard */; };
		F1CEACD81EA31892004B7FCC /* AreaPickerViewController.m in Sources */ = {isa = PBXBuildFile; fileRef = F1CEACD71EA31892004B7FCC /* AreaPickerViewController.m */; };
		F1CEACDA1EA3621F004B7FCC /* area.plist in Resources */ = {isa = PBXBuildFile; fileRef = F1CEACD91EA3621F004B7FCC /* area.plist */; };
/* End PBXBuildFile section */

/* Begin PBXFileReference section */
		05F9221BBD1074E7F022296B /* Pods-AreaPickViewController.release.xcconfig */ = {isa = PBXFileReference; includeInIndex = 1; lastKnownFileType = text.xcconfig; name = "Pods-AreaPickViewController.release.xcconfig"; path = "Target Support Files/Pods-AreaPickViewController/Pods-AreaPickViewController.release.xcconfig"; sourceTree = "<group>"; };
		C693E9562CF439212B6882B5 /* Pods-AreaPickViewController.debug.xcconfig */ = {isa = PBXFileReference; includeInIndex = 1; lastKnownFileType = text.xcconfig; name = "Pods-AreaPickViewController.debug.xcconfig"; path = "Target Support Files/Pods-AreaPickViewController/Pods-AreaPickViewController.debug.xcconfig"; sourceTree = "<group>"; };
		D3881E6606B404F0E5B70477 /* Pods_AreaPickViewController.framework */ = {isa = PBXFileReference; explicitFileType = wrapper.framework; includeInIndex = 0; path = Pods_AreaPickViewController.framework; sourceTree = BUILT_PRODUCTS_DIR; };
		F17316702387859000CA8086 /* ZXCityPickViewController.h */ = {isa = PBXFileReference; lastKnownFileType = sourcecode.c.h; path = ZXCityPickViewController.h; sourceTree = "<group>"; };
		F17316712387859000CA8086 /* ZXCityPickViewController.m */ = {isa = PBXFileReference; lastKnownFileType = sourcecode.c.objc; path = ZXCityPickViewController.m; sourceTree = "<group>"; };
		F1731674238785EC00CA8086 /* JXPickerTableViewController.h */ = {isa = PBXFileReference; lastKnownFileType = sourcecode.c.h; path = JXPickerTableViewController.h; sourceTree = "<group>"; };
		F1731675238785EC00CA8086 /* JXPickerTableViewController.m */ = {isa = PBXFileReference; lastKnownFileType = sourcecode.c.objc; path = JXPickerTableViewController.m; sourceTree = "<group>"; };
		F173167723878FED00CA8086 /* PrefixHeader.pch */ = {isa = PBXFileReference; lastKnownFileType = sourcecode.c.h; path = PrefixHeader.pch; sourceTree = "<group>"; };
		F1CEACB31EA3155B004B7FCC /* AreaPickViewController.app */ = {isa = PBXFileReference; explicitFileType = wrapper.application; includeInIndex = 0; path = AreaPickViewController.app; sourceTree = BUILT_PRODUCTS_DIR; };
		F1CEACB71EA3155B004B7FCC /* main.m */ = {isa = PBXFileReference; lastKnownFileType = sourcecode.c.objc; path = main.m; sourceTree = "<group>"; };
		F1CEACB91EA3155B004B7FCC /* AppDelegate.h */ = {isa = PBXFileReference; lastKnownFileType = sourcecode.c.h; path = AppDelegate.h; sourceTree = "<group>"; };
		F1CEACBA1EA3155B004B7FCC /* AppDelegate.m */ = {isa = PBXFileReference; lastKnownFileType = sourcecode.c.objc; path = AppDelegate.m; sourceTree = "<group>"; };
		F1CEACBC1EA3155B004B7FCC /* ViewController.h */ = {isa = PBXFileReference; lastKnownFileType = sourcecode.c.h; path = ViewController.h; sourceTree = "<group>"; };
		F1CEACBD1EA3155B004B7FCC /* ViewController.m */ = {isa = PBXFileReference; lastKnownFileType = sourcecode.c.objc; path = ViewController.m; sourceTree = "<group>"; };
		F1CEACC01EA3155B004B7FCC /* Base */ = {isa = PBXFileReference; lastKnownFileType = file.storyboard; name = Base; path = Base.lproj/Main.storyboard; sourceTree = "<group>"; };
		F1CEACC21EA3155B004B7FCC /* Assets.xcassets */ = {isa = PBXFileReference; lastKnownFileType = folder.assetcatalog; path = Assets.xcassets; sourceTree = "<group>"; };
		F1CEACC51EA3155B004B7FCC /* Base */ = {isa = PBXFileReference; lastKnownFileType = file.storyboard; name = Base; path = Base.lproj/LaunchScreen.storyboard; sourceTree = "<group>"; };
		F1CEACC71EA3155B004B7FCC /* Info.plist */ = {isa = PBXFileReference; lastKnownFileType = text.plist.xml; path = Info.plist; sourceTree = "<group>"; };
		F1CEACD61EA31892004B7FCC /* AreaPickerViewController.h */ = {isa = PBXFileReference; fileEncoding = 4; lastKnownFileType = sourcecode.c.h; path = AreaPickerViewController.h; sourceTree = "<group>"; };
		F1CEACD71EA31892004B7FCC /* AreaPickerViewController.m */ = {isa = PBXFileReference; fileEncoding = 4; lastKnownFileType = sourcecode.c.objc; path = AreaPickerViewController.m; sourceTree = "<group>"; };
		F1CEACD91EA3621F004B7FCC /* area.plist */ = {isa = PBXFileReference; fileEncoding = 4; lastKnownFileType = text.plist.xml; path = area.plist; sourceTree = "<group>"; };
/* End PBXFileReference section */

/* Begin PBXFrameworksBuildPhase section */
		F1CEACB01EA3155B004B7FCC /* Frameworks */ = {
			isa = PBXFrameworksBuildPhase;
			buildActionMask = 2147483647;
			files = (
				3434AD7BEBF628AC0246E15B /* Pods_AreaPickViewController.framework in Frameworks */,
			);
			runOnlyForDeploymentPostprocessing = 0;
		};
/* End PBXFrameworksBuildPhase section */

/* Begin PBXGroup section */
		A80F159ABF33E692AA10E35D /* Pods */ = {
			isa = PBXGroup;
			children = (
				C693E9562CF439212B6882B5 /* Pods-AreaPickViewController.debug.xcconfig */,
				05F9221BBD1074E7F022296B /* Pods-AreaPickViewController.release.xcconfig */,
			);
			path = Pods;
			sourceTree = "<group>";
		};
		EFD9E3DF98E426C7B8091E5C /* Frameworks */ = {
			isa = PBXGroup;
			children = (
				D3881E6606B404F0E5B70477 /* Pods_AreaPickViewController.framework */,
			);
			name = Frameworks;
			sourceTree = "<group>";
		};
		F1731673238785BC00CA8086 /* ZXCityPicker */ = {
			isa = PBXGroup;
			children = (
				F17316702387859000CA8086 /* ZXCityPickViewController.h */,
				F17316712387859000CA8086 /* ZXCityPickViewController.m */,
				F1731674238785EC00CA8086 /* JXPickerTableViewController.h */,
				F1731675238785EC00CA8086 /* JXPickerTableViewController.m */,
			);
			path = ZXCityPicker;
			sourceTree = "<group>";
		};
		F1CEACAA1EA3155B004B7FCC = {
			isa = PBXGroup;
			children = (
				F1CEACB51EA3155B004B7FCC /* AreaPickViewController */,
				F1CEACB41EA3155B004B7FCC /* Products */,
				A80F159ABF33E692AA10E35D /* Pods */,
				EFD9E3DF98E426C7B8091E5C /* Frameworks */,
			);
			sourceTree = "<group>";
		};
		F1CEACB41EA3155B004B7FCC /* Products */ = {
			isa = PBXGroup;
			children = (
				F1CEACB31EA3155B004B7FCC /* AreaPickViewController.app */,
			);
			name = Products;
			sourceTree = "<group>";
		};
		F1CEACB51EA3155B004B7FCC /* AreaPickViewController */ = {
			isa = PBXGroup;
			children = (
				F1731673238785BC00CA8086 /* ZXCityPicker */,
				F1CEACD31EA31837004B7FCC /* AreaPickViewController */,
				F1CEACB91EA3155B004B7FCC /* AppDelegate.h */,
				F1CEACBA1EA3155B004B7FCC /* AppDelegate.m */,
				F1CEACBC1EA3155B004B7FCC /* ViewController.h */,
				F1CEACBD1EA3155B004B7FCC /* ViewController.m */,
				F1CEACBF1EA3155B004B7FCC /* Main.storyboard */,
				F1CEACC21EA3155B004B7FCC /* Assets.xcassets */,
				F1CEACC41EA3155B004B7FCC /* LaunchScreen.storyboard */,
				F1CEACC71EA3155B004B7FCC /* Info.plist */,
				F1CEACB61EA3155B004B7FCC /* Supporting Files */,
			);
			path = AreaPickViewController;
			sourceTree = "<group>";
		};
		F1CEACB61EA3155B004B7FCC /* Supporting Files */ = {
			isa = PBXGroup;
			children = (
				F1CEACB71EA3155B004B7FCC /* main.m */,
				F173167723878FED00CA8086 /* PrefixHeader.pch */,
			);
			name = "Supporting Files";
			sourceTree = "<group>";
		};
		F1CEACD31EA31837004B7FCC /* AreaPickViewController */ = {
			isa = PBXGroup;
			children = (
				F1CEACD61EA31892004B7FCC /* AreaPickerViewController.h */,
				F1CEACD71EA31892004B7FCC /* AreaPickerViewController.m */,
				F1CEACD91EA3621F004B7FCC /* area.plist */,
			);
			path = AreaPickViewController;
			sourceTree = "<group>";
		};
/* End PBXGroup section */

/* Begin PBXNativeTarget section */
		F1CEACB21EA3155B004B7FCC /* AreaPickViewController */ = {
			isa = PBXNativeTarget;
			buildConfigurationList = F1CEACCA1EA3155B004B7FCC /* Build configuration list for PBXNativeTarget "AreaPickViewController" */;
			buildPhases = (
				5AE716D3969CD59BF35C2165 /* [CP] Check Pods Manifest.lock */,
				F1CEACAF1EA3155B004B7FCC /* Sources */,
				F1CEACB01EA3155B004B7FCC /* Frameworks */,
				F1CEACB11EA3155B004B7FCC /* Resources */,
				278D1C18E112A970D6E4FA77 /* [CP] Embed Pods Frameworks */,
			);
			buildRules = (
			);
			dependencies = (
			);
			name = AreaPickViewController;
			productName = AreaPickViewController;
			productReference = F1CEACB31EA3155B004B7FCC /* AreaPickViewController.app */;
			productType = "com.apple.product-type.application";
		};
/* End PBXNativeTarget section */

/* Begin PBXProject section */
		F1CEACAB1EA3155B004B7FCC /* Project object */ = {
			isa = PBXProject;
			attributes = {
				LastUpgradeCheck = 0830;
				ORGANIZATIONNAME = "阮巧华";
				TargetAttributes = {
					F1CEACB21EA3155B004B7FCC = {
						CreatedOnToolsVersion = 8.3.1;
						ProvisioningStyle = Automatic;
					};
				};
			};
			buildConfigurationList = F1CEACAE1EA3155B004B7FCC /* Build configuration list for PBXProject "AreaPickViewController" */;
			compatibilityVersion = "Xcode 3.2";
			developmentRegion = English;
			hasScannedForEncodings = 0;
			knownRegions = (
				English,
				en,
				Base,
			);
			mainGroup = F1CEACAA1EA3155B004B7FCC;
			productRefGroup = F1CEACB41EA3155B004B7FCC /* Products */;
			projectDirPath = "";
			projectRoot = "";
			targets = (
				F1CEACB21EA3155B004B7FCC /* AreaPickViewController */,
			);
		};
/* End PBXProject section */

/* Begin PBXResourcesBuildPhase section */
		F1CEACB11EA3155B004B7FCC /* Resources */ = {
			isa = PBXResourcesBuildPhase;
			buildActionMask = 2147483647;
			files = (
				F1CEACC61EA3155B004B7FCC /* LaunchScreen.storyboard in Resources */,
				F1CEACDA1EA3621F004B7FCC /* area.plist in Resources */,
				F1CEACC31EA3155B004B7FCC /* Assets.xcassets in Resources */,
				F1CEACC11EA3155B004B7FCC /* Main.storyboard in Resources */,
			);
			runOnlyForDeploymentPostprocessing = 0;
		};
/* End PBXResourcesBuildPhase section */

/* Begin PBXShellScriptBuildPhase section */
		278D1C18E112A970D6E4FA77 /* [CP] Embed Pods Frameworks */ = {
			isa = PBXShellScriptBuildPhase;
			buildActionMask = 2147483647;
			files = (
			);
			inputPaths = (
				"${PODS_ROOT}/Target Support Files/Pods-AreaPickViewController/Pods-AreaPickViewController-frameworks.sh",
				"${BUILT_PRODUCTS_DIR}/Masonry/Masonry.framework",
			);
			name = "[CP] Embed Pods Frameworks";
			outputPaths = (
				"${TARGET_BUILD_DIR}/${FRAMEWORKS_FOLDER_PATH}/Masonry.framework",
			);
			runOnlyForDeploymentPostprocessing = 0;
			shellPath = /bin/sh;
			shellScript = "\"${PODS_ROOT}/Target Support Files/Pods-AreaPickViewController/Pods-AreaPickViewController-frameworks.sh\"\n";
			showEnvVarsInLog = 0;
		};
		5AE716D3969CD59BF35C2165 /* [CP] Check Pods Manifest.lock */ = {
			isa = PBXShellScriptBuildPhase;
			buildActionMask = 2147483647;
			files = (
			);
			inputFileListPaths = (
			);
			inputPaths = (
				"${PODS_PODFILE_DIR_PATH}/Podfile.lock",
				"${PODS_ROOT}/Manifest.lock",
			);
			name = "[CP] Check Pods Manifest.lock";
			outputFileListPaths = (
			);
			outputPaths = (
				"$(DERIVED_FILE_DIR)/Pods-AreaPickViewController-checkManifestLockResult.txt",
			);
			runOnlyForDeploymentPostprocessing = 0;
			shellPath = /bin/sh;
			shellScript = "diff \"${PODS_PODFILE_DIR_PATH}/Podfile.lock\" \"${PODS_ROOT}/Manifest.lock\" > /dev/null\nif [ $? != 0 ] ; then\n    # print error to STDERR\n    echo \"error: The sandbox is not in sync with the Podfile.lock. Run 'pod install' or update your CocoaPods installation.\" >&2\n    exit 1\nfi\n# This output is used by Xcode 'outputs' to avoid re-running this script phase.\necho \"SUCCESS\" > \"${SCRIPT_OUTPUT_FILE_0}\"\n";
			showEnvVarsInLog = 0;
		};
/* End PBXShellScriptBuildPhase section */

/* Begin PBXSourcesBuildPhase section */
		F1CEACAF1EA3155B004B7FCC /* Sources */ = {
			isa = PBXSourcesBuildPhase;
			buildActionMask = 2147483647;
			files = (
				F17316722387859000CA8086 /* ZXCityPickViewController.m in Sources */,
				F1CEACBE1EA3155B004B7FCC /* ViewController.m in Sources */,
				F1CEACBB1EA3155B004B7FCC /* AppDelegate.m in Sources */,
				F1CEACD81EA31892004B7FCC /* AreaPickerViewController.m in Sources */,
				F1CEACB81EA3155B004B7FCC /* main.m in Sources */,
				F1731676238785EC00CA8086 /* JXPickerTableViewController.m in Sources */,
			);
			runOnlyForDeploymentPostprocessing = 0;
		};
/* End PBXSourcesBuildPhase section */

/* Begin PBXVariantGroup section */
		F1CEACBF1EA3155B004B7FCC /* Main.storyboard */ = {
			isa = PBXVariantGroup;
			children = (
				F1CEACC01EA3155B004B7FCC /* Base */,
			);
			name = Main.storyboard;
			sourceTree = "<group>";
		};
		F1CEACC41EA3155B004B7FCC /* LaunchScreen.storyboard */ = {
			isa = PBXVariantGroup;
			children = (
				F1CEACC51EA3155B004B7FCC /* Base */,
			);
			name = LaunchScreen.storyboard;
			sourceTree = "<group>";
		};
/* End PBXVariantGroup section */

/* Begin XCBuildConfiguration section */
		F1CEACC81EA3155B004B7FCC /* Debug */ = {
			isa = XCBuildConfiguration;
			buildSettings = {
				ALWAYS_SEARCH_USER_PATHS = NO;
				CLANG_ANALYZER_NONNULL = YES;
				CLANG_ANALYZER_NUMBER_OBJECT_CONVERSION = YES_AGGRESSIVE;
				CLANG_CXX_LANGUAGE_STANDARD = "gnu++0x";
				CLANG_CXX_LIBRARY = "libc++";
				CLANG_ENABLE_MODULES = YES;
				CLANG_ENABLE_OBJC_ARC = YES;
				CLANG_WARN_BOOL_CONVERSION = YES;
				CLANG_WARN_CONSTANT_CONVERSION = YES;
				CLANG_WARN_DIRECT_OBJC_ISA_USAGE = YES_ERROR;
				CLANG_WARN_DOCUMENTATION_COMMENTS = YES;
				CLANG_WARN_EMPTY_BODY = YES;
				CLANG_WARN_ENUM_CONVERSION = YES;
				CLANG_WARN_INFINITE_RECURSION = YES;
				CLANG_WARN_INT_CONVERSION = YES;
				CLANG_WARN_OBJC_ROOT_CLASS = YES_ERROR;
				CLANG_WARN_SUSPICIOUS_MOVE = YES;
				CLANG_WARN_UNREACHABLE_CODE = YES;
				CLANG_WARN__DUPLICATE_METHOD_MATCH = YES;
				"CODE_SIGN_IDENTITY[sdk=iphoneos*]" = "iPhone Developer";
				COPY_PHASE_STRIP = NO;
				DEBUG_INFORMATION_FORMAT = dwarf;
				ENABLE_STRICT_OBJC_MSGSEND = YES;
				ENABLE_TESTABILITY = YES;
				GCC_C_LANGUAGE_STANDARD = gnu99;
				GCC_DYNAMIC_NO_PIC = NO;
				GCC_NO_COMMON_BLOCKS = YES;
				GCC_OPTIMIZATION_LEVEL = 0;
				GCC_PREPROCESSOR_DEFINITIONS = (
					"DEBUG=1",
					"$(inherited)",
				);
				GCC_WARN_64_TO_32_BIT_CONVERSION = YES;
				GCC_WARN_ABOUT_RETURN_TYPE = YES_ERROR;
				GCC_WARN_UNDECLARED_SELECTOR = YES;
				GCC_WARN_UNINITIALIZED_AUTOS = YES_AGGRESSIVE;
				GCC_WARN_UNUSED_FUNCTION = YES;
				GCC_WARN_UNUSED_VARIABLE = YES;
				IPHONEOS_DEPLOYMENT_TARGET = 10.3;
				MTL_ENABLE_DEBUG_INFO = YES;
				ONLY_ACTIVE_ARCH = YES;
				SDKROOT = iphoneos;
				TARGETED_DEVICE_FAMILY = "1,2";
			};
			name = Debug;
		};
		F1CEACC91EA3155B004B7FCC /* Release */ = {
			isa = XCBuildConfiguration;
			buildSettings = {
				ALWAYS_SEARCH_USER_PATHS = NO;
				CLANG_ANALYZER_NONNULL = YES;
				CLANG_ANALYZER_NUMBER_OBJECT_CONVERSION = YES_AGGRESSIVE;
				CLANG_CXX_LANGUAGE_STANDARD = "gnu++0x";
				CLANG_CXX_LIBRARY = "libc++";
				CLANG_ENABLE_MODULES = YES;
				CLANG_ENABLE_OBJC_ARC = YES;
				CLANG_WARN_BOOL_CONVERSION = YES;
				CLANG_WARN_CONSTANT_CONVERSION = YES;
				CLANG_WARN_DIRECT_OBJC_ISA_USAGE = YES_ERROR;
				CLANG_WARN_DOCUMENTATION_COMMENTS = YES;
				CLANG_WARN_EMPTY_BODY = YES;
				CLANG_WARN_ENUM_CONVERSION = YES;
				CLANG_WARN_INFINITE_RECURSION = YES;
				CLANG_WARN_INT_CONVERSION = YES;
				CLANG_WARN_OBJC_ROOT_CLASS = YES_ERROR;
				CLANG_WARN_SUSPICIOUS_MOVE = YES;
				CLANG_WARN_UNREACHABLE_CODE = YES;
				CLANG_WARN__DUPLICATE_METHOD_MATCH = YES;
				"CODE_SIGN_IDENTITY[sdk=iphoneos*]" = "iPhone Developer";
				COPY_PHASE_STRIP = NO;
				DEBUG_INFORMATION_FORMAT = "dwarf-with-dsym";
				ENABLE_NS_ASSERTIONS = NO;
				ENABLE_STRICT_OBJC_MSGSEND = YES;
				GCC_C_LANGUAGE_STANDARD = gnu99;
				GCC_NO_COMMON_BLOCKS = YES;
				GCC_WARN_64_TO_32_BIT_CONVERSION = YES;
				GCC_WARN_ABOUT_RETURN_TYPE = YES_ERROR;
				GCC_WARN_UNDECLARED_SELECTOR = YES;
				GCC_WARN_UNINITIALIZED_AUTOS = YES_AGGRESSIVE;
				GCC_WARN_UNUSED_FUNCTION = YES;
				GCC_WARN_UNUSED_VARIABLE = YES;
				IPHONEOS_DEPLOYMENT_TARGET = 10.3;
				MTL_ENABLE_DEBUG_INFO = NO;
				SDKROOT = iphoneos;
				TARGETED_DEVICE_FAMILY = "1,2";
				VALIDATE_PRODUCT = YES;
			};
			name = Release;
		};
		F1CEACCB1EA3155B004B7FCC /* Debug */ = {
			isa = XCBuildConfiguration;
			baseConfigurationReference = C693E9562CF439212B6882B5 /* Pods-AreaPickViewController.debug.xcconfig */;
			buildSettings = {
				ASSETCATALOG_COMPILER_APPICON_NAME = AppIcon;
				GCC_PREFIX_HEADER = "$(SRCROOT)/$(PROJECT_NAME)/PrefixHeader.pch";
				INFOPLIST_FILE = AreaPickViewController/Info.plist;
				IPHONEOS_DEPLOYMENT_TARGET = 8.0;
				LD_RUNPATH_SEARCH_PATHS = "$(inherited) @executable_path/Frameworks";
				PRODUCT_BUNDLE_IDENTIFIER = com.ruanqiaohua.AreaPickViewController;
				PRODUCT_NAME = "$(TARGET_NAME)";
			};
			name = Debug;
		};
		F1CEACCC1EA3155B004B7FCC /* Release */ = {
			isa = XCBuildConfiguration;
			baseConfigurationReference = 05F9221BBD1074E7F022296B /* Pods-AreaPickViewController.release.xcconfig */;
			buildSettings = {
				ASSETCATALOG_COMPILER_APPICON_NAME = AppIcon;
				GCC_PREFIX_HEADER = "$(SRCROOT)/$(PROJECT_NAME)/PrefixHeader.pch";
				INFOPLIST_FILE = AreaPickViewController/Info.plist;
				IPHONEOS_DEPLOYMENT_TARGET = 8.0;
				LD_RUNPATH_SEARCH_PATHS = "$(inherited) @executable_path/Frameworks";
				PRODUCT_BUNDLE_IDENTIFIER = com.ruanqiaohua.AreaPickViewController;
				PRODUCT_NAME = "$(TARGET_NAME)";
			};
			name = Release;
		};
/* End XCBuildConfiguration section */

/* Begin XCConfigurationList section */
		F1CEACAE1EA3155B004B7FCC /* Build configuration list for PBXProject "AreaPickViewController" */ = {
			isa = XCConfigurationList;
			buildConfigurations = (
				F1CEACC81EA3155B004B7FCC /* Debug */,
				F1CEACC91EA3155B004B7FCC /* Release */,
			);
			defaultConfigurationIsVisible = 0;
			defaultConfigurationName = Release;
		};
		F1CEACCA1EA3155B004B7FCC /* Build configuration list for PBXNativeTarget "AreaPickViewController" */ = {
			isa = XCConfigurationList;
			buildConfigurations = (
				F1CEACCB1EA3155B004B7FCC /* Debug */,
				F1CEACCC1EA3155B004B7FCC /* Release */,
			);
			defaultConfigurationIsVisible = 0;
			defaultConfigurationName = Release;
		};
/* End XCConfigurationList section */
	};
	rootObject = F1CEACAB1EA3155B004B7FCC /* Project object */;
}
